// !$*UTF8*$!
{
	archiveVersion = 1;
	classes = {
	};
	objectVersion = 50;
	objects = {

/* Begin PBXBuildFile section */
		7D566E082401645000BDD8C5 /* AppDelegate.swift in Sources */ = {isa = PBXBuildFile; fileRef = 7D566E072401645000BDD8C5 /* AppDelegate.swift */; };
		7D566E0A2401645000BDD8C5 /* SceneDelegate.swift in Sources */ = {isa = PBXBuildFile; fileRef = 7D566E092401645000BDD8C5 /* SceneDelegate.swift */; };
		7D566E0D2401645000BDD8C5 /* Networking_MAnager.xcdatamodeld in Sources */ = {isa = PBXBuildFile; fileRef = 7D566E0B2401645000BDD8C5 /* Networking_MAnager.xcdatamodeld */; };
		7D566E0F2401645000BDD8C5 /* ContentView.swift in Sources */ = {isa = PBXBuildFile; fileRef = 7D566E0E2401645000BDD8C5 /* ContentView.swift */; };
		7D566E112401645100BDD8C5 /* Assets.xcassets in Resources */ = {isa = PBXBuildFile; fileRef = 7D566E102401645100BDD8C5 /* Assets.xcassets */; };
		7D566E142401645100BDD8C5 /* Preview Assets.xcassets in Resources */ = {isa = PBXBuildFile; fileRef = 7D566E132401645100BDD8C5 /* Preview Assets.xcassets */; };
		7D566E172401645100BDD8C5 /* LaunchScreen.storyboard in Resources */ = {isa = PBXBuildFile; fileRef = 7D566E152401645100BDD8C5 /* LaunchScreen.storyboard */; };
		7D566E222401645100BDD8C5 /* Networking_MAnagerTests.swift in Sources */ = {isa = PBXBuildFile; fileRef = 7D566E212401645100BDD8C5 /* Networking_MAnagerTests.swift */; };
		7D566E2D2401645100BDD8C5 /* Networking_MAnagerUITests.swift in Sources */ = {isa = PBXBuildFile; fileRef = 7D566E2C2401645100BDD8C5 /* Networking_MAnagerUITests.swift */; };
		7D566E3B2401649900BDD8C5 /* NetworkingManager.swift in Sources */ = {isa = PBXBuildFile; fileRef = 7D566E3A2401649900BDD8C5 /* NetworkingManager.swift */; };
		7D566E3D2401651C00BDD8C5 /* DataListEntry.swift in Sources */ = {isa = PBXBuildFile; fileRef = 7D566E3C2401651C00BDD8C5 /* DataListEntry.swift */; };
/* End PBXBuildFile section */

/* Begin PBXContainerItemProxy section */
		7D566E1E2401645100BDD8C5 /* PBXContainerItemProxy */ = {
			isa = PBXContainerItemProxy;
			containerPortal = 7D566DFC2401645000BDD8C5 /* Project object */;
			proxyType = 1;
			remoteGlobalIDString = 7D566E032401645000BDD8C5;
			remoteInfo = "Networking MAnager";
		};
		7D566E292401645100BDD8C5 /* PBXContainerItemProxy */ = {
			isa = PBXContainerItemProxy;
			containerPortal = 7D566DFC2401645000BDD8C5 /* Project object */;
			proxyType = 1;
			remoteGlobalIDString = 7D566E032401645000BDD8C5;
			remoteInfo = "Networking MAnager";
		};
/* End PBXContainerItemProxy section */

/* Begin PBXFileReference section */
		7D566E042401645000BDD8C5 /* Networking MAnager.app */ = {isa = PBXFileReference; explicitFileType = wrapper.application; includeInIndex = 0; path = "Networking MAnager.app"; sourceTree = BUILT_PRODUCTS_DIR; };
		7D566E072401645000BDD8C5 /* AppDelegate.swift */ = {isa = PBXFileReference; lastKnownFileType = sourcecode.swift; path = AppDelegate.swift; sourceTree = "<group>"; };
		7D566E092401645000BDD8C5 /* SceneDelegate.swift */ = {isa = PBXFileReference; lastKnownFileType = sourcecode.swift; path = SceneDelegate.swift; sourceTree = "<group>"; };
		7D566E0C2401645000BDD8C5 /* Networking_MAnager.xcdatamodel */ = {isa = PBXFileReference; lastKnownFileType = wrapper.xcdatamodel; path = Networking_MAnager.xcdatamodel; sourceTree = "<group>"; };
		7D566E0E2401645000BDD8C5 /* ContentView.swift */ = {isa = PBXFileReference; lastKnownFileType = sourcecode.swift; path = ContentView.swift; sourceTree = "<group>"; };
		7D566E102401645100BDD8C5 /* Assets.xcassets */ = {isa = PBXFileReference; lastKnownFileType = folder.assetcatalog; path = Assets.xcassets; sourceTree = "<group>"; };
		7D566E132401645100BDD8C5 /* Preview Assets.xcassets */ = {isa = PBXFileReference; lastKnownFileType = folder.assetcatalog; path = "Preview Assets.xcassets"; sourceTree = "<group>"; };
		7D566E162401645100BDD8C5 /* Base */ = {isa = PBXFileReference; lastKnownFileType = file.storyboard; name = Base; path = Base.lproj/LaunchScreen.storyboard; sourceTree = "<group>"; };
		7D566E182401645100BDD8C5 /* Info.plist */ = {isa = PBXFileReference; lastKnownFileType = text.plist.xml; path = Info.plist; sourceTree = "<group>"; };
		7D566E1D2401645100BDD8C5 /* Networking MAnagerTests.xctest */ = {isa = PBXFileReference; explicitFileType = wrapper.cfbundle; includeInIndex = 0; path = "Networking MAnagerTests.xctest"; sourceTree = BUILT_PRODUCTS_DIR; };
		7D566E212401645100BDD8C5 /* Networking_MAnagerTests.swift */ = {isa = PBXFileReference; lastKnownFileType = sourcecode.swift; path = Networking_MAnagerTests.swift; sourceTree = "<group>"; };
		7D566E232401645100BDD8C5 /* Info.plist */ = {isa = PBXFileReference; lastKnownFileType = text.plist.xml; path = Info.plist; sourceTree = "<group>"; };
		7D566E282401645100BDD8C5 /* Networking MAnagerUITests.xctest */ = {isa = PBXFileReference; explicitFileType = wrapper.cfbundle; includeInIndex = 0; path = "Networking MAnagerUITests.xctest"; sourceTree = BUILT_PRODUCTS_DIR; };
		7D566E2C2401645100BDD8C5 /* Networking_MAnagerUITests.swift */ = {isa = PBXFileReference; lastKnownFileType = sourcecode.swift; path = Networking_MAnagerUITests.swift; sourceTree = "<group>"; };
		7D566E2E2401645100BDD8C5 /* Info.plist */ = {isa = PBXFileReference; lastKnownFileType = text.plist.xml; path = Info.plist; sourceTree = "<group>"; };
		7D566E3A2401649900BDD8C5 /* NetworkingManager.swift */ = {isa = PBXFileReference; lastKnownFileType = sourcecode.swift; path = NetworkingManager.swift; sourceTree = "<group>"; };
		7D566E3C2401651C00BDD8C5 /* DataListEntry.swift */ = {isa = PBXFileReference; lastKnownFileType = sourcecode.swift; path = DataListEntry.swift; sourceTree = "<group>"; };
/* End PBXFileReference section */

/* Begin PBXFrameworksBuildPhase section */
		7D566E012401645000BDD8C5 /* Frameworks */ = {
			isa = PBXFrameworksBuildPhase;
			buildActionMask = 2147483647;
			files = (
			);
			runOnlyForDeploymentPostprocessing = 0;
		};
		7D566E1A2401645100BDD8C5 /* Frameworks */ = {
			isa = PBXFrameworksBuildPhase;
			buildActionMask = 2147483647;
			files = (
			);
			runOnlyForDeploymentPostprocessing = 0;
		};
		7D566E252401645100BDD8C5 /* Frameworks */ = {
			isa = PBXFrameworksBuildPhase;
			buildActionMask = 2147483647;
			files = (
			);
			runOnlyForDeploymentPostprocessing = 0;
		};
/* End PBXFrameworksBuildPhase section */

/* Begin PBXGroup section */
		7D566DFB2401645000BDD8C5 = {
			isa = PBXGroup;
			children = (
				7D566E062401645000BDD8C5 /* Networking MAnager */,
				7D566E202401645100BDD8C5 /* Networking MAnagerTests */,
				7D566E2B2401645100BDD8C5 /* Networking MAnagerUITests */,
				7D566E052401645000BDD8C5 /* Products */,
			);
			sourceTree = "<group>";
		};
		7D566E052401645000BDD8C5 /* Products */ = {
			isa = PBXGroup;
			children = (
				7D566E042401645000BDD8C5 /* Networking MAnager.app */,
				7D566E1D2401645100BDD8C5 /* Networking MAnagerTests.xctest */,
				7D566E282401645100BDD8C5 /* Networking MAnagerUITests.xctest */,
			);
			name = Products;
			sourceTree = "<group>";
		};
		7D566E062401645000BDD8C5 /* Networking MAnager */ = {
			isa = PBXGroup;
			children = (
				7D566E072401645000BDD8C5 /* AppDelegate.swift */,
				7D566E092401645000BDD8C5 /* SceneDelegate.swift */,
				7D566E0E2401645000BDD8C5 /* ContentView.swift */,
				7D566E102401645100BDD8C5 /* Assets.xcassets */,
				7D566E152401645100BDD8C5 /* LaunchScreen.storyboard */,
				7D566E182401645100BDD8C5 /* Info.plist */,
				7D566E0B2401645000BDD8C5 /* Networking_MAnager.xcdatamodeld */,
				7D566E122401645100BDD8C5 /* Preview Content */,
				7D566E3A2401649900BDD8C5 /* NetworkingManager.swift */,
				7D566E3C2401651C00BDD8C5 /* DataListEntry.swift */,
			);
			path = "Networking MAnager";
			sourceTree = "<group>";
		};
		7D566E122401645100BDD8C5 /* Preview Content */ = {
			isa = PBXGroup;
			children = (
				7D566E132401645100BDD8C5 /* Preview Assets.xcassets */,
			);
			path = "Preview Content";
			sourceTree = "<group>";
		};
		7D566E202401645100BDD8C5 /* Networking MAnagerTests */ = {
			isa = PBXGroup;
			children = (
				7D566E212401645100BDD8C5 /* Networking_MAnagerTests.swift */,
				7D566E232401645100BDD8C5 /* Info.plist */,
			);
			path = "Networking MAnagerTests";
			sourceTree = "<group>";
		};
		7D566E2B2401645100BDD8C5 /* Networking MAnagerUITests */ = {
			isa = PBXGroup;
			children = (
				7D566E2C2401645100BDD8C5 /* Networking_MAnagerUITests.swift */,
				7D566E2E2401645100BDD8C5 /* Info.plist */,
			);
			path = "Networking MAnagerUITests";
			sourceTree = "<group>";
		};
/* End PBXGroup section */

/* Begin PBXNativeTarget section */
		7D566E032401645000BDD8C5 /* Networking MAnager */ = {
			isa = PBXNativeTarget;
			buildConfigurationList = 7D566E312401645100BDD8C5 /* Build configuration list for PBXNativeTarget "Networking MAnager" */;
			buildPhases = (
				7D566E002401645000BDD8C5 /* Sources */,
				7D566E012401645000BDD8C5 /* Frameworks */,
				7D566E022401645000BDD8C5 /* Resources */,
			);
			buildRules = (
			);
			dependencies = (
			);
			name = "Networking MAnager";
			productName = "Networking MAnager";
			productReference = 7D566E042401645000BDD8C5 /* Networking MAnager.app */;
			productType = "com.apple.product-type.application";
		};
		7D566E1C2401645100BDD8C5 /* Networking MAnagerTests */ = {
			isa = PBXNativeTarget;
			buildConfigurationList = 7D566E342401645100BDD8C5 /* Build configuration list for PBXNativeTarget "Networking MAnagerTests" */;
			buildPhases = (
				7D566E192401645100BDD8C5 /* Sources */,
				7D566E1A2401645100BDD8C5 /* Frameworks */,
				7D566E1B2401645100BDD8C5 /* Resources */,
			);
			buildRules = (
			);
			dependencies = (
				7D566E1F2401645100BDD8C5 /* PBXTargetDependency */,
			);
			name = "Networking MAnagerTests";
			productName = "Networking MAnagerTests";
			productReference = 7D566E1D2401645100BDD8C5 /* Networking MAnagerTests.xctest */;
			productType = "com.apple.product-type.bundle.unit-test";
		};
		7D566E272401645100BDD8C5 /* Networking MAnagerUITests */ = {
			isa = PBXNativeTarget;
			buildConfigurationList = 7D566E372401645100BDD8C5 /* Build configuration list for PBXNativeTarget "Networking MAnagerUITests" */;
			buildPhases = (
				7D566E242401645100BDD8C5 /* Sources */,
				7D566E252401645100BDD8C5 /* Frameworks */,
				7D566E262401645100BDD8C5 /* Resources */,
			);
			buildRules = (
			);
			dependencies = (
				7D566E2A2401645100BDD8C5 /* PBXTargetDependency */,
			);
			name = "Networking MAnagerUITests";
			productName = "Networking MAnagerUITests";
			productReference = 7D566E282401645100BDD8C5 /* Networking MAnagerUITests.xctest */;
			productType = "com.apple.product-type.bundle.ui-testing";
		};
/* End PBXNativeTarget section */

/* Begin PBXProject section */
		7D566DFC2401645000BDD8C5 /* Project object */ = {
			isa = PBXProject;
			attributes = {
				LastSwiftUpdateCheck = 1130;
				LastUpgradeCheck = 1130;
				ORGANIZATIONNAME = "Vasileios Gkreen";
				TargetAttributes = {
					7D566E032401645000BDD8C5 = {
						CreatedOnToolsVersion = 11.3.1;
					};
					7D566E1C2401645100BDD8C5 = {
						CreatedOnToolsVersion = 11.3.1;
						TestTargetID = 7D566E032401645000BDD8C5;
					};
					7D566E272401645100BDD8C5 = {
						CreatedOnToolsVersion = 11.3.1;
						TestTargetID = 7D566E032401645000BDD8C5;
					};
				};
			};
			buildConfigurationList = 7D566DFF2401645000BDD8C5 /* Build configuration list for PBXProject "Networking MAnager" */;
			compatibilityVersion = "Xcode 9.3";
			developmentRegion = en;
			hasScannedForEncodings = 0;
			knownRegions = (
				en,
				Base,
			);
			mainGroup = 7D566DFB2401645000BDD8C5;
			productRefGroup = 7D566E052401645000BDD8C5 /* Products */;
			projectDirPath = "";
			projectRoot = "";
			targets = (
				7D566E032401645000BDD8C5 /* Networking MAnager */,
				7D566E1C2401645100BDD8C5 /* Networking MAnagerTests */,
				7D566E272401645100BDD8C5 /* Networking MAnagerUITests */,
			);
		};
/* End PBXProject section */

/* Begin PBXResourcesBuildPhase section */
		7D566E022401645000BDD8C5 /* Resources */ = {
			isa = PBXResourcesBuildPhase;
			buildActionMask = 2147483647;
			files = (
				7D566E172401645100BDD8C5 /* LaunchScreen.storyboard in Resources */,
				7D566E142401645100BDD8C5 /* Preview Assets.xcassets in Resources */,
				7D566E112401645100BDD8C5 /* Assets.xcassets in Resources */,
			);
			runOnlyForDeploymentPostprocessing = 0;
		};
		7D566E1B2401645100BDD8C5 /* Resources */ = {
			isa = PBXResourcesBuildPhase;
			buildActionMask = 2147483647;
			files = (
			);
			runOnlyForDeploymentPostprocessing = 0;
		};
		7D566E262401645100BDD8C5 /* Resources */ = {
			isa = PBXResourcesBuildPhase;
			buildActionMask = 2147483647;
			files = (
			);
			runOnlyForDeploymentPostprocessing = 0;
		};
/* End PBXResourcesBuildPhase section */

/* Begin PBXSourcesBuildPhase section */
		7D566E002401645000BDD8C5 /* Sources */ = {
			isa = PBXSourcesBuildPhase;
			buildActionMask = 2147483647;
			files = (
				7D566E0D2401645000BDD8C5 /* Networking_MAnager.xcdatamodeld in Sources */,
				7D566E082401645000BDD8C5 /* AppDelegate.swift in Sources */,
				7D566E3D2401651C00BDD8C5 /* DataListEntry.swift in Sources */,
				7D566E0F2401645000BDD8C5 /* ContentView.swift in Sources */,
				7D566E3B2401649900BDD8C5 /* NetworkingManager.swift in Sources */,
				7D566E0A2401645000BDD8C5 /* SceneDelegate.swift in Sources */,
			);
			runOnlyForDeploymentPostprocessing = 0;
		};
		7D566E192401645100BDD8C5 /* Sources */ = {
			isa = PBXSourcesBuildPhase;
			buildActionMask = 2147483647;
			files = (
				7D566E222401645100BDD8C5 /* Networking_MAnagerTests.swift in Sources */,
			);
			runOnlyForDeploymentPostprocessing = 0;
		};
		7D566E242401645100BDD8C5 /* Sources */ = {
			isa = PBXSourcesBuildPhase;
			buildActionMask = 2147483647;
			files = (
				7D566E2D2401645100BDD8C5 /* Networking_MAnagerUITests.swift in Sources */,
			);
			runOnlyForDeploymentPostprocessing = 0;
		};
/* End PBXSourcesBuildPhase section */

/* Begin PBXTargetDependency section */
		7D566E1F2401645100BDD8C5 /* PBXTargetDependency */ = {
			isa = PBXTargetDependency;
			target = 7D566E032401645000BDD8C5 /* Networking MAnager */;
			targetProxy = 7D566E1E2401645100BDD8C5 /* PBXContainerItemProxy */;
		};
		7D566E2A2401645100BDD8C5 /* PBXTargetDependency */ = {
			isa = PBXTargetDependency;
			target = 7D566E032401645000BDD8C5 /* Networking MAnager */;
			targetProxy = 7D566E292401645100BDD8C5 /* PBXContainerItemProxy */;
		};
/* End PBXTargetDependency section */

/* Begin PBXVariantGroup section */
		7D566E152401645100BDD8C5 /* LaunchScreen.storyboard */ = {
			isa = PBXVariantGroup;
			children = (
				7D566E162401645100BDD8C5 /* Base */,
			);
			name = LaunchScreen.storyboard;
			sourceTree = "<group>";
		};
/* End PBXVariantGroup section */

/* Begin XCBuildConfiguration section */
		7D566E2F2401645100BDD8C5 /* Debug */ = {
			isa = XCBuildConfiguration;
			buildSettings = {
				ALWAYS_SEARCH_USER_PATHS = NO;
				CLANG_ANALYZER_NONNULL = YES;
				CLANG_ANALYZER_NUMBER_OBJECT_CONVERSION = YES_AGGRESSIVE;
				CLANG_CXX_LANGUAGE_STANDARD = "gnu++14";
				CLANG_CXX_LIBRARY = "libc++";
				CLANG_ENABLE_MODULES = YES;
				CLANG_ENABLE_OBJC_ARC = YES;
				CLANG_ENABLE_OBJC_WEAK = YES;
				CLANG_WARN_BLOCK_CAPTURE_AUTORELEASING = YES;
				CLANG_WARN_BOOL_CONVERSION = YES;
				CLANG_WARN_COMMA = YES;
				CLANG_WARN_CONSTANT_CONVERSION = YES;
				CLANG_WARN_DEPRECATED_OBJC_IMPLEMENTATIONS = YES;
				CLANG_WARN_DIRECT_OBJC_ISA_USAGE = YES_ERROR;
				CLANG_WARN_DOCUMENTATION_COMMENTS = YES;
				CLANG_WARN_EMPTY_BODY = YES;
				CLANG_WARN_ENUM_CONVERSION = YES;
				CLANG_WARN_INFINITE_RECURSION = YES;
				CLANG_WARN_INT_CONVERSION = YES;
				CLANG_WARN_NON_LITERAL_NULL_CONVERSION = YES;
				CLANG_WARN_OBJC_IMPLICIT_RETAIN_SELF = YES;
				CLANG_WARN_OBJC_LITERAL_CONVERSION = YES;
				CLANG_WARN_OBJC_ROOT_CLASS = YES_ERROR;
				CLANG_WARN_RANGE_LOOP_ANALYSIS = YES;
				CLANG_WARN_STRICT_PROTOTYPES = YES;
				CLANG_WARN_SUSPICIOUS_MOVE = YES;
				CLANG_WARN_UNGUARDED_AVAILABILITY = YES_AGGRESSIVE;
				CLANG_WARN_UNREACHABLE_CODE = YES;
				CLANG_WARN__DUPLICATE_METHOD_MATCH = YES;
				COPY_PHASE_STRIP = NO;
				DEBUG_INFORMATION_FORMAT = dwarf;
				ENABLE_STRICT_OBJC_MSGSEND = YES;
				ENABLE_TESTABILITY = YES;
				GCC_C_LANGUAGE_STANDARD = gnu11;
				GCC_DYNAMIC_NO_PIC = NO;
				GCC_NO_COMMON_BLOCKS = YES;
				GCC_OPTIMIZATION_LEVEL = 0;
				GCC_PREPROCESSOR_DEFINITIONS = (
					"DEBUG=1",
					"$(inherited)",
				);
				GCC_WARN_64_TO_32_BIT_CONVERSION = YES;
				GCC_WARN_ABOUT_RETURN_TYPE = YES_ERROR;
				GCC_WARN_UNDECLARED_SELECTOR = YES;
				GCC_WARN_UNINITIALIZED_AUTOS = YES_AGGRESSIVE;
				GCC_WARN_UNUSED_FUNCTION = YES;
				GCC_WARN_UNUSED_VARIABLE = YES;
				IPHONEOS_DEPLOYMENT_TARGET = 13.2;
				MTL_ENABLE_DEBUG_INFO = INCLUDE_SOURCE;
				MTL_FAST_MATH = YES;
				ONLY_ACTIVE_ARCH = YES;
				SDKROOT = iphoneos;
				SWIFT_ACTIVE_COMPILATION_CONDITIONS = DEBUG;
				SWIFT_OPTIMIZATION_LEVEL = "-Onone";
			};
			name = Debug;
		};
		7D566E302401645100BDD8C5 /* Release */ = {
			isa = XCBuildConfiguration;
			buildSettings = {
				ALWAYS_SEARCH_USER_PATHS = NO;
				CLANG_ANALYZER_NONNULL = YES;
				CLANG_ANALYZER_NUMBER_OBJECT_CONVERSION = YES_AGGRESSIVE;
				CLANG_CXX_LANGUAGE_STANDARD = "gnu++14";
				CLANG_CXX_LIBRARY = "libc++";
				CLANG_ENABLE_MODULES = YES;
				CLANG_ENABLE_OBJC_ARC = YES;
				CLANG_ENABLE_OBJC_WEAK = YES;
				CLANG_WARN_BLOCK_CAPTURE_AUTORELEASING = YES;
				CLANG_WARN_BOOL_CONVERSION = YES;
				CLANG_WARN_COMMA = YES;
				CLANG_WARN_CONSTANT_CONVERSION = YES;
				CLANG_WARN_DEPRECATED_OBJC_IMPLEMENTATIONS = YES;
				CLANG_WARN_DIRECT_OBJC_ISA_USAGE = YES_ERROR;
				CLANG_WARN_DOCUMENTATION_COMMENTS = YES;
				CLANG_WARN_EMPTY_BODY = YES;
				CLANG_WARN_ENUM_CONVERSION = YES;
				CLANG_WARN_INFINITE_RECURSION = YES;
				CLANG_WARN_INT_CONVERSION = YES;
				CLANG_WARN_NON_LITERAL_NULL_CONVERSION = YES;
				CLANG_WARN_OBJC_IMPLICIT_RETAIN_SELF = YES;
				CLANG_WARN_OBJC_LITERAL_CONVERSION = YES;
				CLANG_WARN_OBJC_ROOT_CLASS = YES_ERROR;
				CLANG_WARN_RANGE_LOOP_ANALYSIS = YES;
				CLANG_WARN_STRICT_PROTOTYPES = YES;
				CLANG_WARN_SUSPICIOUS_MOVE = YES;
				CLANG_WARN_UNGUARDED_AVAILABILITY = YES_AGGRESSIVE;
				CLANG_WARN_UNREACHABLE_CODE = YES;
				CLANG_WARN__DUPLICATE_METHOD_MATCH = YES;
				COPY_PHASE_STRIP = NO;
				DEBUG_INFORMATION_FORMAT = "dwarf-with-dsym";
				ENABLE_NS_ASSERTIONS = NO;
				ENABLE_STRICT_OBJC_MSGSEND = YES;
				GCC_C_LANGUAGE_STANDARD = gnu11;
				GCC_NO_COMMON_BLOCKS = YES;
				GCC_WARN_64_TO_32_BIT_CONVERSION = YES;
				GCC_WARN_ABOUT_RETURN_TYPE = YES_ERROR;
				GCC_WARN_UNDECLARED_SELECTOR = YES;
				GCC_WARN_UNINITIALIZED_AUTOS = YES_AGGRESSIVE;
				GCC_WARN_UNUSED_FUNCTION = YES;
				GCC_WARN_UNUSED_VARIABLE = YES;
				IPHONEOS_DEPLOYMENT_TARGET = 13.2;
				MTL_ENABLE_DEBUG_INFO = NO;
				MTL_FAST_MATH = YES;
				SDKROOT = iphoneos;
				SWIFT_COMPILATION_MODE = wholemodule;
				SWIFT_OPTIMIZATION_LEVEL = "-O";
				VALIDATE_PRODUCT = YES;
			};
			name = Release;
		};
		7D566E322401645100BDD8C5 /* Debug */ = {
			isa = XCBuildConfiguration;
			buildSettings = {
				ASSETCATALOG_COMPILER_APPICON_NAME = AppIcon;
				CODE_SIGN_STYLE = Automatic;
				DEVELOPMENT_ASSET_PATHS = "\"Networking MAnager/Preview Content\"";
				DEVELOPMENT_TEAM = 4XHC2A472T;
				ENABLE_PREVIEWS = YES;
				INFOPLIST_FILE = "Networking MAnager/Info.plist";
				LD_RUNPATH_SEARCH_PATHS = (
					"$(inherited)",
					"@executable_path/Frameworks",
				);
				PRODUCT_BUNDLE_IDENTIFIER = "io.github.grenos.Networking-MAnager";
				PRODUCT_NAME = "$(TARGET_NAME)";
				SWIFT_VERSION = 5.0;
				TARGETED_DEVICE_FAMILY = "1,2";
			};
			name = Debug;
		};
		7D566E332401645100BDD8C5 /* Release */ = {
			isa = XCBuildConfiguration;
			buildSettings = {
				ASSETCATALOG_COMPILER_APPICON_NAME = AppIcon;
				CODE_SIGN_STYLE = Automatic;
				DEVELOPMENT_ASSET_PATHS = "\"Networking MAnager/Preview Content\"";
				DEVELOPMENT_TEAM = 4XHC2A472T;
				ENABLE_PREVIEWS = YES;
				INFOPLIST_FILE = "Networking MAnager/Info.plist";
				LD_RUNPATH_SEARCH_PATHS = (
					"$(inherited)",
					"@executable_path/Frameworks",
				);
				PRODUCT_BUNDLE_IDENTIFIER = "io.github.grenos.Networking-MAnager";
				PRODUCT_NAME = "$(TARGET_NAME)";
				SWIFT_VERSION = 5.0;
				TARGETED_DEVICE_FAMILY = "1,2";
			};
			name = Release;
		};
		7D566E352401645100BDD8C5 /* Debug */ = {
			isa = XCBuildConfiguration;
			buildSettings = {
				ALWAYS_EMBED_SWIFT_STANDARD_LIBRARIES = YES;
				BUNDLE_LOADER = "$(TEST_HOST)";
				CODE_SIGN_STYLE = Automatic;
				DEVELOPMENT_TEAM = 4XHC2A472T;
				INFOPLIST_FILE = "Networking MAnagerTests/Info.plist";
				IPHONEOS_DEPLOYMENT_TARGET = 13.2;
				LD_RUNPATH_SEARCH_PATHS = (
					"$(inherited)",
					"@executable_path/Frameworks",
					"@loader_path/Frameworks",
				);
				PRODUCT_BUNDLE_IDENTIFIER = "io.github.grenos.Networking-MAnagerTests";
				PRODUCT_NAME = "$(TARGET_NAME)";
				SWIFT_VERSION = 5.0;
				TARGETED_DEVICE_FAMILY = "1,2";
				TEST_HOST = "$(BUILT_PRODUCTS_DIR)/Networking MAnager.app/Networking MAnager";
			};
			name = Debug;
		};
		7D566E362401645100BDD8C5 /* Release */ = {
			isa = XCBuildConfiguration;
			buildSettings = {
				ALWAYS_EMBED_SWIFT_STANDARD_LIBRARIES = YES;
				BUNDLE_LOADER = "$(TEST_HOST)";
				CODE_SIGN_STYLE = Automatic;
				DEVELOPMENT_TEAM = 4XHC2A472T;
				INFOPLIST_FILE = "Networking MAnagerTests/Info.plist";
				IPHONEOS_DEPLOYMENT_TARGET = 13.2;
				LD_RUNPATH_SEARCH_PATHS = (
					"$(inherited)",
					"@executable_path/Frameworks",
					"@loader_path/Frameworks",
				);
				PRODUCT_BUNDLE_IDENTIFIER = "io.github.grenos.Networking-MAnagerTests";
				PRODUCT_NAME = "$(TARGET_NAME)";
				SWIFT_VERSION = 5.0;
				TARGETED_DEVICE_FAMILY = "1,2";
				TEST_HOST = "$(BUILT_PRODUCTS_DIR)/Networking MAnager.app/Networking MAnager";
			};
			name = Release;
		};
		7D566E382401645100BDD8C5 /* Debug */ = {
			isa = XCBuildConfiguration;
			buildSettings = {
				ALWAYS_EMBED_SWIFT_STANDARD_LIBRARIES = YES;
				CODE_SIGN_STYLE = Automatic;
				DEVELOPMENT_TEAM = 4XHC2A472T;
				INFOPLIST_FILE = "Networking MAnagerUITests/Info.plist";
				LD_RUNPATH_SEARCH_PATHS = (
					"$(inherited)",
					"@executable_path/Frameworks",
					"@loader_path/Frameworks",
				);
				PRODUCT_BUNDLE_IDENTIFIER = "io.github.grenos.Networking-MAnagerUITests";
				PRODUCT_NAME = "$(TARGET_NAME)";
				SWIFT_VERSION = 5.0;
				TARGETED_DEVICE_FAMILY = "1,2";
				TEST_TARGET_NAME = "Networking MAnager";
			};
			name = Debug;
		};
		7D566E392401645100BDD8C5 /* Release */ = {
			isa = XCBuildConfiguration;
			buildSettings = {
				ALWAYS_EMBED_SWIFT_STANDARD_LIBRARIES = YES;
				CODE_SIGN_STYLE = Automatic;
				DEVELOPMENT_TEAM = 4XHC2A472T;
				INFOPLIST_FILE = "Networking MAnagerUITests/Info.plist";
				LD_RUNPATH_SEARCH_PATHS = (
					"$(inherited)",
					"@executable_path/Frameworks",
					"@loader_path/Frameworks",
				);
				PRODUCT_BUNDLE_IDENTIFIER = "io.github.grenos.Networking-MAnagerUITests";
				PRODUCT_NAME = "$(TARGET_NAME)";
				SWIFT_VERSION = 5.0;
				TARGETED_DEVICE_FAMILY = "1,2";
				TEST_TARGET_NAME = "Networking MAnager";
			};
			name = Release;
		};
/* End XCBuildConfiguration section */

/* Begin XCConfigurationList section */
		7D566DFF2401645000BDD8C5 /* Build configuration list for PBXProject "Networking MAnager" */ = {
			isa = XCConfigurationList;
			buildConfigurations = (
				7D566E2F2401645100BDD8C5 /* Debug */,
				7D566E302401645100BDD8C5 /* Release */,
			);
			defaultConfigurationIsVisible = 0;
			defaultConfigurationName = Release;
		};
		7D566E312401645100BDD8C5 /* Build configuration list for PBXNativeTarget "Networking MAnager" */ = {
			isa = XCConfigurationList;
			buildConfigurations = (
				7D566E322401645100BDD8C5 /* Debug */,
				7D566E332401645100BDD8C5 /* Release */,
			);
			defaultConfigurationIsVisible = 0;
			defaultConfigurationName = Release;
		};
		7D566E342401645100BDD8C5 /* Build configuration list for PBXNativeTarget "Networking MAnagerTests" */ = {
			isa = XCConfigurationList;
			buildConfigurations = (
				7D566E352401645100BDD8C5 /* Debug */,
				7D566E362401645100BDD8C5 /* Release */,
			);
			defaultConfigurationIsVisible = 0;
			defaultConfigurationName = Release;
		};
		7D566E372401645100BDD8C5 /* Build configuration list for PBXNativeTarget "Networking MAnagerUITests" */ = {
			isa = XCConfigurationList;
			buildConfigurations = (
				7D566E382401645100BDD8C5 /* Debug */,
				7D566E392401645100BDD8C5 /* Release */,
			);
			defaultConfigurationIsVisible = 0;
			defaultConfigurationName = Release;
		};
/* End XCConfigurationList section */

/* Begin XCVersionGroup section */
		7D566E0B2401645000BDD8C5 /* Networking_MAnager.xcdatamodeld */ = {
			isa = XCVersionGroup;
			children = (
				7D566E0C2401645000BDD8C5 /* Networking_MAnager.xcdatamodel */,
			);
			currentVersion = 7D566E0C2401645000BDD8C5 /* Networking_MAnager.xcdatamodel */;
			path = Networking_MAnager.xcdatamodeld;
			sourceTree = "<group>";
			versionGroupType = wrapper.xcdatamodel;
		};
/* End XCVersionGroup section */
	};
	rootObject = 7D566DFC2401645000BDD8C5 /* Project object */;
}
